
Microsoft Visual Studio Solution File, Format Version 12.00
# Visual Studio Version 16
VisualStudioVersion = 16.0.29215.179
MinimumVisualStudioVersion = 10.0.40219.1
Project("{8BC9CEB8-8B4A-11D0-8D11-00A0C91BC942}") = "lcs", "lcs\lcs.vcxproj", "{4A3C8A61-F8E0-41C3-9646-16F1D3D9EC1D}"
EndProject
Global
	GlobalSection(SolutionConfigurationPlatforms) = preSolution
		Debug|x64 = Debug|x64
		Debug|x86 = Debug|x86
		Release|x64 = Release|x64
		Release|x86 = Release|x86
	EndGlobalSection
	GlobalSection(ProjectConfigurationPlatforms) = postSolution
		{4A3C8A61-F8E0-41C3-9646-16F1D3D9EC1D}.Debug|x64.ActiveCfg = Debug|x64
		{4A3C8A61-F8E0-41C3-9646-16F1D3D9EC1D}.Debug|x64.Build.0 = Debug|x64
		{4A3C8A61-F8E0-41C3-9646-16F1D3D9EC1D}.Debug|x86.ActiveCfg = Debug|Win32
		{4A3C8A61-F8E0-41C3-9646-16F1D3D9EC1D}.Debug|x86.Build.0 = Debug|Win32
		{4A3C8A61-F8E0-41C3-9646-16F1D3D9EC1D}.Release|x64.ActiveCfg = Release|x64
		{4A3C8A61-F8E0-41C3-9646-16F1D3D9EC1D}.Release|x64.Build.0 = Release|x64
		{4A3C8A61-F8E0-41C3-9646-16F1D3D9EC1D}.Release|x86.ActiveCfg = Release|Win32
		{4A3C8A61-F8E0-41C3-9646-16F1D3D9EC1D}.Release|x86.Build.0 = Release|Win32
	EndGlobalSection
	GlobalSection(SolutionProperties) = preSolution
		HideSolutionNode = FALSE
	EndGlobalSection
	GlobalSection(ExtensibilityGlobals) = postSolution
		SolutionGuid = {EAC844A2-A587-49F7-9658-5587A7027C84}
	EndGlobalSection
EndGlobal
